{
  "name": "flopper",
  "lockfileVersion": 3,
  "requires": true,
  "packages": {
    "": {
      "dependencies": {
        "openpgp": "^6.2.2"
      }
    },
    "node_modules/openpgp": {
      "version": "6.2.2",
      "resolved": "https://registry.npmjs.org/openpgp/-/openpgp-6.2.2.tgz",
      "integrity": "sha512-P/dyEqQ3gfwOCo+xsqffzXjmUhGn4AZTOJ1LCcN21S23vAk+EAvMJOQTsb/C8krL6GjOSBxqGYckhik7+hneNw==",
      "engines": {
        "node": ">= 18.0.0"
      }
    }
  }
}
